{
  "name": "example",
  "version": "1.0.0",
  "lockfileVersion": 3,
  "requires": true,
  "packages": {
    "": {
      "name": "example",
      "version": "1.0.0",
      "license": "ISC",
      "dependencies": {
        "mydsdsad": "./../dist",
        "xyo-sdk": "^0.1.4"
      }
    },
    "../dist": {},
    "node_modules/mydsdsad": {
      "resolved": "../dist",
      "link": true
    },
    "node_modules/xyo-sdk": {
      "version": "0.1.4",
      "resolved": "https://registry.npmjs.org/xyo-sdk/-/xyo-sdk-0.1.4.tgz",
      "integrity": "sha512-wcHNthcDf+o17xkbSW3FsSAjvvUJgZMhctO4vK1PLQY9TIMVAZcCgUDzvSXT/mH25ROXxCcdoKOmNWGUeEYfSQ==",
      "license": "SEE LICENSE IN LICENSE"
    }
  }
}
