{
  "name": "example",
  "version": "1.0.0",
  "lockfileVersion": 3,
  "requires": true,
  "packages": {
    "": {
      "name": "example",
      "version": "1.0.0",
      "license": "ISC",
      "dependencies": {
        "xyo-sdk": "^0.2.0",
        "xyo-sdk-local": "./../dist"
      }
    },
    "../dist": {},
    "node_modules/carbon-http": {
      "version": "2.0.2",
      "license": "Apache-2.0"
    },
    "node_modules/xyo-sdk": {
      "version": "0.2.0",
      "resolved": "https://registry.npmjs.org/xyo-sdk/-/xyo-sdk-0.2.0.tgz",
      "integrity": "sha512-0btLf/JMeJfh1sa0MWotBKOACsAF67JK/tr1vjrP63bkAjDprz+n4UtgQ0VxoND4+7J3GsHLWKCDk3AUYVhupQ==",
      "license": "Apache-2.0",
      "dependencies": {
        "carbon-http": "^2.0.2"
      }
    },
    "node_modules/xyo-sdk-local": {
      "resolved": "../dist",
      "link": true
    }
  }
}
