{
  "name": "example",
  "version": "1.0.0",
  "lockfileVersion": 3,
  "requires": true,
  "packages": {
    "": {
      "name": "example",
      "version": "1.0.0",
      "license": "ISC",
      "dependencies": {
        "xyo-sdk": "^1.0.0",
        "xyo-sdk-local": "./../dist"
      }
    },
    "../dist": {},
    "node_modules/carbon-http": {
      "version": "2.0.2",
      "license": "Apache-2.0"
    },
    "node_modules/xyo-sdk": {
      "version": "1.0.0",
      "resolved": "https://registry.npmjs.org/xyo-sdk/-/xyo-sdk-1.0.0.tgz",
      "integrity": "sha512-7xTCvKQ5EscLG3a0dmgIxuZDmy22WoZPf2afrCSdDy3xctjmBRxgJK/Zm0DuhyDf3KC6RZt3iIR6Pgdjza7FKw==",
      "license": "Apache-2.0",
      "dependencies": {
        "carbon-http": "^2.0.2"
      }
    },
    "node_modules/xyo-sdk-local": {
      "resolved": "../dist",
      "link": true
    }
  }
}
